
Microsoft Visual Studio Solution File, Format Version 12.00
# Visual Studio Version 17
VisualStudioVersion = 17.13.35931.197 d17.13
MinimumVisualStudioVersion = 10.0.40219.1
Project("{54A90642-561A-4BB1-A94E-469ADEE60C69}") = "loginreact.client", "loginreact.client\loginreact.client.esproj", "{D31D174B-1722-3C0D-6D85-17004C248075}"
EndProject
Project("{FAE04EC0-301F-11D3-BF4B-00C04F79EFBC}") = "LoginReact.Server", "LoginReact.Server\LoginReact.Server.csproj", "{0B0D2F72-7E32-4DC5-9E0E-B77BD49C0C38}"
EndProject
Global
	GlobalSection(SolutionConfigurationPlatforms) = preSolution
		Debug|Any CPU = Debug|Any CPU
		Release|Any CPU = Release|Any CPU
	EndGlobalSection
	GlobalSection(ProjectConfigurationPlatforms) = postSolution
		{D31D174B-1722-3C0D-6D85-17004C248075}.Debug|Any CPU.ActiveCfg = Debug|Any CPU
		{D31D174B-1722-3C0D-6D85-17004C248075}.Debug|Any CPU.Build.0 = Debug|Any CPU
		{D31D174B-1722-3C0D-6D85-17004C248075}.Debug|Any CPU.Deploy.0 = Debug|Any CPU
		{D31D174B-1722-3C0D-6D85-17004C248075}.Release|Any CPU.ActiveCfg = Release|Any CPU
		{D31D174B-1722-3C0D-6D85-17004C248075}.Release|Any CPU.Build.0 = Release|Any CPU
		{D31D174B-1722-3C0D-6D85-17004C248075}.Release|Any CPU.Deploy.0 = Release|Any CPU
		{0B0D2F72-7E32-4DC5-9E0E-B77BD49C0C38}.Debug|Any CPU.ActiveCfg = Debug|Any CPU
		{0B0D2F72-7E32-4DC5-9E0E-B77BD49C0C38}.Debug|Any CPU.Build.0 = Debug|Any CPU
		{0B0D2F72-7E32-4DC5-9E0E-B77BD49C0C38}.Release|Any CPU.ActiveCfg = Release|Any CPU
		{0B0D2F72-7E32-4DC5-9E0E-B77BD49C0C38}.Release|Any CPU.Build.0 = Release|Any CPU
	EndGlobalSection
	GlobalSection(SolutionProperties) = preSolution
		HideSolutionNode = FALSE
	EndGlobalSection
	GlobalSection(ExtensibilityGlobals) = postSolution
		SolutionGuid = {752D24B9-7C04-4A2F-9EB8-37CAB52F8092}
	EndGlobalSection
EndGlobal
